// !$*UTF8*$!
{
	archiveVersion = 1;
	classes = {
	};
	objectVersion = 46;
	objects = {

/* Begin PBXBuildFile section */
		0796542B1E802FE7002169B7 /* Twitter.framework in Frameworks */ = {isa = PBXBuildFile; fileRef = 0796542A1E802FE7002169B7 /* Twitter.framework */; };
		0796542C1E802FE7002169B7 /* Twitter.framework in Embed Frameworks */ = {isa = PBXBuildFile; fileRef = 0796542A1E802FE7002169B7 /* Twitter.framework */; settings = {ATTRIBUTES = (CodeSignOnCopy, RemoveHeadersOnCopy, ); }; };
		07A869531E81391C003A6D50 /* TweetTableViewCell.swift in Sources */ = {isa = PBXBuildFile; fileRef = 07A869521E81391C003A6D50 /* TweetTableViewCell.swift */; };
		07B0713E1E8025400062051C /* AppDelegate.swift in Sources */ = {isa = PBXBuildFile; fileRef = 07B0713D1E8025400062051C /* AppDelegate.swift */; };
		07B071431E8025400062051C /* Main.storyboard in Resources */ = {isa = PBXBuildFile; fileRef = 07B071411E8025400062051C /* Main.storyboard */; };
		07B071451E8025400062051C /* Assets.xcassets in Resources */ = {isa = PBXBuildFile; fileRef = 07B071441E8025400062051C /* Assets.xcassets */; };
		07B071481E8025400062051C /* LaunchScreen.storyboard in Resources */ = {isa = PBXBuildFile; fileRef = 07B071461E8025400062051C /* LaunchScreen.storyboard */; };
		07B071511E8025A20062051C /* TweetTableViewController.swift in Sources */ = {isa = PBXBuildFile; fileRef = 07B071501E8025A20062051C /* TweetTableViewController.swift */; };
		07D211BD1E9B8E8800B7A99E /* MentionsTableViewController.swift in Sources */ = {isa = PBXBuildFile; fileRef = 07D211BC1E9B8E8800B7A99E /* MentionsTableViewController.swift */; };
/* End PBXBuildFile section */

/* Begin PBXCopyFilesBuildPhase section */
		0796542D1E802FE7002169B7 /* Embed Frameworks */ = {
			isa = PBXCopyFilesBuildPhase;
			buildActionMask = 2147483647;
			dstPath = "";
			dstSubfolderSpec = 10;
			files = (
				0796542C1E802FE7002169B7 /* Twitter.framework in Embed Frameworks */,
			);
			name = "Embed Frameworks";
			runOnlyForDeploymentPostprocessing = 0;
		};
/* End PBXCopyFilesBuildPhase section */

/* Begin PBXFileReference section */
		0796542A1E802FE7002169B7 /* Twitter.framework */ = {isa = PBXFileReference; explicitFileType = wrapper.framework; path = Twitter.framework; sourceTree = BUILT_PRODUCTS_DIR; };
		07A869521E81391C003A6D50 /* TweetTableViewCell.swift */ = {isa = PBXFileReference; fileEncoding = 4; lastKnownFileType = sourcecode.swift; path = TweetTableViewCell.swift; sourceTree = "<group>"; };
		07B0713A1E8025400062051C /* Smashtag.app */ = {isa = PBXFileReference; explicitFileType = wrapper.application; includeInIndex = 0; path = Smashtag.app; sourceTree = BUILT_PRODUCTS_DIR; };
		07B0713D1E8025400062051C /* AppDelegate.swift */ = {isa = PBXFileReference; lastKnownFileType = sourcecode.swift; path = AppDelegate.swift; sourceTree = "<group>"; };
		07B071421E8025400062051C /* Base */ = {isa = PBXFileReference; lastKnownFileType = file.storyboard; name = Base; path = Base.lproj/Main.storyboard; sourceTree = "<group>"; };
		07B071441E8025400062051C /* Assets.xcassets */ = {isa = PBXFileReference; lastKnownFileType = folder.assetcatalog; path = Assets.xcassets; sourceTree = "<group>"; };
		07B071471E8025400062051C /* Base */ = {isa = PBXFileReference; lastKnownFileType = file.storyboard; name = Base; path = Base.lproj/LaunchScreen.storyboard; sourceTree = "<group>"; };
		07B071491E8025400062051C /* Info.plist */ = {isa = PBXFileReference; lastKnownFileType = text.plist.xml; path = Info.plist; sourceTree = "<group>"; };
		07B071501E8025A20062051C /* TweetTableViewController.swift */ = {isa = PBXFileReference; fileEncoding = 4; lastKnownFileType = sourcecode.swift; path = TweetTableViewController.swift; sourceTree = "<group>"; };
		07D211BC1E9B8E8800B7A99E /* MentionsTableViewController.swift */ = {isa = PBXFileReference; fileEncoding = 4; lastKnownFileType = sourcecode.swift; path = MentionsTableViewController.swift; sourceTree = "<group>"; };
/* End PBXFileReference section */

/* Begin PBXFrameworksBuildPhase section */
		07B071371E8025400062051C /* Frameworks */ = {
			isa = PBXFrameworksBuildPhase;
			buildActionMask = 2147483647;
			files = (
				0796542B1E802FE7002169B7 /* Twitter.framework in Frameworks */,
			);
			runOnlyForDeploymentPostprocessing = 0;
		};
/* End PBXFrameworksBuildPhase section */

/* Begin PBXGroup section */
		07B071311E8025400062051C = {
			isa = PBXGroup;
			children = (
				0796542A1E802FE7002169B7 /* Twitter.framework */,
				07B0713C1E8025400062051C /* Smashtag */,
				07B0713B1E8025400062051C /* Products */,
			);
			sourceTree = "<group>";
		};
		07B0713B1E8025400062051C /* Products */ = {
			isa = PBXGroup;
			children = (
				07B0713A1E8025400062051C /* Smashtag.app */,
			);
			name = Products;
			sourceTree = "<group>";
		};
		07B0713C1E8025400062051C /* Smashtag */ = {
			isa = PBXGroup;
			children = (
				07B071411E8025400062051C /* Main.storyboard */,
				07B071501E8025A20062051C /* TweetTableViewController.swift */,
				07A869521E81391C003A6D50 /* TweetTableViewCell.swift */,
				07D211BC1E9B8E8800B7A99E /* MentionsTableViewController.swift */,
				07B071491E8025400062051C /* Info.plist */,
				07B0714F1E8025570062051C /* Supporting Files */,
			);
			path = Smashtag;
			sourceTree = "<group>";
		};
		07B0714F1E8025570062051C /* Supporting Files */ = {
			isa = PBXGroup;
			children = (
				07B0713D1E8025400062051C /* AppDelegate.swift */,
				07B071441E8025400062051C /* Assets.xcassets */,
				07B071461E8025400062051C /* LaunchScreen.storyboard */,
			);
			name = "Supporting Files";
			sourceTree = "<group>";
		};
/* End PBXGroup section */

/* Begin PBXNativeTarget section */
		07B071391E8025400062051C /* Smashtag */ = {
			isa = PBXNativeTarget;
			buildConfigurationList = 07B0714C1E8025400062051C /* Build configuration list for PBXNativeTarget "Smashtag" */;
			buildPhases = (
				07B071361E8025400062051C /* Sources */,
				07B071371E8025400062051C /* Frameworks */,
				07B071381E8025400062051C /* Resources */,
				0796542D1E802FE7002169B7 /* Embed Frameworks */,
			);
			buildRules = (
			);
			dependencies = (
			);
			name = Smashtag;
			productName = Smashtag;
			productReference = 07B0713A1E8025400062051C /* Smashtag.app */;
			productType = "com.apple.product-type.application";
		};
/* End PBXNativeTarget section */

/* Begin PBXProject section */
		07B071321E8025400062051C /* Project object */ = {
			isa = PBXProject;
			attributes = {
				LastSwiftUpdateCheck = 0820;
				LastUpgradeCheck = 0820;
				ORGANIZATIONNAME = "Milos Menicanin";
				TargetAttributes = {
					07B071391E8025400062051C = {
						CreatedOnToolsVersion = 8.2.1;
						DevelopmentTeam = VC25N3Q998;
						ProvisioningStyle = Automatic;
					};
				};
			};
			buildConfigurationList = 07B071351E8025400062051C /* Build configuration list for PBXProject "Smashtag" */;
			compatibilityVersion = "Xcode 3.2";
			developmentRegion = English;
			hasScannedForEncodings = 0;
			knownRegions = (
				en,
				Base,
			);
			mainGroup = 07B071311E8025400062051C;
			productRefGroup = 07B0713B1E8025400062051C /* Products */;
			projectDirPath = "";
			projectRoot = "";
			targets = (
				07B071391E8025400062051C /* Smashtag */,
			);
		};
/* End PBXProject section */

/* Begin PBXResourcesBuildPhase section */
		07B071381E8025400062051C /* Resources */ = {
			isa = PBXResourcesBuildPhase;
			buildActionMask = 2147483647;
			files = (
				07B071481E8025400062051C /* LaunchScreen.storyboard in Resources */,
				07B071451E8025400062051C /* Assets.xcassets in Resources */,
				07B071431E8025400062051C /* Main.storyboard in Resources */,
			);
			runOnlyForDeploymentPostprocessing = 0;
		};
/* End PBXResourcesBuildPhase section */

/* Begin PBXSourcesBuildPhase section */
		07B071361E8025400062051C /* Sources */ = {
			isa = PBXSourcesBuildPhase;
			buildActionMask = 2147483647;
			files = (
				07D211BD1E9B8E8800B7A99E /* MentionsTableViewController.swift in Sources */,
				07B0713E1E8025400062051C /* AppDelegate.swift in Sources */,
				07B071511E8025A20062051C /* TweetTableViewController.swift in Sources */,
				07A869531E81391C003A6D50 /* TweetTableViewCell.swift in Sources */,
			);
			runOnlyForDeploymentPostprocessing = 0;
		};
/* End PBXSourcesBuildPhase section */

/* Begin PBXVariantGroup section */
		07B071411E8025400062051C /* Main.storyboard */ = {
			isa = PBXVariantGroup;
			children = (
				07B071421E8025400062051C /* Base */,
			);
			name = Main.storyboard;
			sourceTree = "<group>";
		};
		07B071461E8025400062051C /* LaunchScreen.storyboard */ = {
			isa = PBXVariantGroup;
			children = (
				07B071471E8025400062051C /* Base */,
			);
			name = LaunchScreen.storyboard;
			sourceTree = "<group>";
		};
/* End PBXVariantGroup section */

/* Begin XCBuildConfiguration section */
		07B0714A1E8025400062051C /* Debug */ = {
			isa = XCBuildConfiguration;
			buildSettings = {
				ALWAYS_SEARCH_USER_PATHS = NO;
				CLANG_ANALYZER_NONNULL = YES;
				CLANG_CXX_LANGUAGE_STANDARD = "gnu++0x";
				CLANG_CXX_LIBRARY = "libc++";
				CLANG_ENABLE_MODULES = YES;
				CLANG_ENABLE_OBJC_ARC = YES;
				CLANG_WARN_BOOL_CONVERSION = YES;
				CLANG_WARN_CONSTANT_CONVERSION = YES;
				CLANG_WARN_DIRECT_OBJC_ISA_USAGE = YES_ERROR;
				CLANG_WARN_DOCUMENTATION_COMMENTS = YES;
				CLANG_WARN_EMPTY_BODY = YES;
				CLANG_WARN_ENUM_CONVERSION = YES;
				CLANG_WARN_INFINITE_RECURSION = YES;
				CLANG_WARN_INT_CONVERSION = YES;
				CLANG_WARN_OBJC_ROOT_CLASS = YES_ERROR;
				CLANG_WARN_SUSPICIOUS_MOVE = YES;
				CLANG_WARN_UNREACHABLE_CODE = YES;
				CLANG_WARN__DUPLICATE_METHOD_MATCH = YES;
				"CODE_SIGN_IDENTITY[sdk=iphoneos*]" = "iPhone Developer";
				COPY_PHASE_STRIP = NO;
				DEBUG_INFORMATION_FORMAT = dwarf;
				ENABLE_STRICT_OBJC_MSGSEND = YES;
				ENABLE_TESTABILITY = YES;
				GCC_C_LANGUAGE_STANDARD = gnu99;
				GCC_DYNAMIC_NO_PIC = NO;
				GCC_NO_COMMON_BLOCKS = YES;
				GCC_OPTIMIZATION_LEVEL = 0;
				GCC_PREPROCESSOR_DEFINITIONS = (
					"DEBUG=1",
					"$(inherited)",
				);
				GCC_WARN_64_TO_32_BIT_CONVERSION = YES;
				GCC_WARN_ABOUT_RETURN_TYPE = YES_ERROR;
				GCC_WARN_UNDECLARED_SELECTOR = YES;
				GCC_WARN_UNINITIALIZED_AUTOS = YES_AGGRESSIVE;
				GCC_WARN_UNUSED_FUNCTION = YES;
				GCC_WARN_UNUSED_VARIABLE = YES;
				IPHONEOS_DEPLOYMENT_TARGET = 10.2;
				MTL_ENABLE_DEBUG_INFO = YES;
				ONLY_ACTIVE_ARCH = YES;
				SDKROOT = iphoneos;
				SWIFT_ACTIVE_COMPILATION_CONDITIONS = DEBUG;
				SWIFT_OPTIMIZATION_LEVEL = "-Onone";
			};
			name = Debug;
		};
		07B0714B1E8025400062051C /* Release */ = {
			isa = XCBuildConfiguration;
			buildSettings = {
				ALWAYS_SEARCH_USER_PATHS = NO;
				CLANG_ANALYZER_NONNULL = YES;
				CLANG_CXX_LANGUAGE_STANDARD = "gnu++0x";
				CLANG_CXX_LIBRARY = "libc++";
				CLANG_ENABLE_MODULES = YES;
				CLANG_ENABLE_OBJC_ARC = YES;
				CLANG_WARN_BOOL_CONVERSION = YES;
				CLANG_WARN_CONSTANT_CONVERSION = YES;
				CLANG_WARN_DIRECT_OBJC_ISA_USAGE = YES_ERROR;
				CLANG_WARN_DOCUMENTATION_COMMENTS = YES;
				CLANG_WARN_EMPTY_BODY = YES;
				CLANG_WARN_ENUM_CONVERSION = YES;
				CLANG_WARN_INFINITE_RECURSION = YES;
				CLANG_WARN_INT_CONVERSION = YES;
				CLANG_WARN_OBJC_ROOT_CLASS = YES_ERROR;
				CLANG_WARN_SUSPICIOUS_MOVE = YES;
				CLANG_WARN_UNREACHABLE_CODE = YES;
				CLANG_WARN__DUPLICATE_METHOD_MATCH = YES;
				"CODE_SIGN_IDENTITY[sdk=iphoneos*]" = "iPhone Developer";
				COPY_PHASE_STRIP = NO;
				DEBUG_INFORMATION_FORMAT = "dwarf-with-dsym";
				ENABLE_NS_ASSERTIONS = NO;
				ENABLE_STRICT_OBJC_MSGSEND = YES;
				GCC_C_LANGUAGE_STANDARD = gnu99;
				GCC_NO_COMMON_BLOCKS = YES;
				GCC_WARN_64_TO_32_BIT_CONVERSION = YES;
				GCC_WARN_ABOUT_RETURN_TYPE = YES_ERROR;
				GCC_WARN_UNDECLARED_SELECTOR = YES;
				GCC_WARN_UNINITIALIZED_AUTOS = YES_AGGRESSIVE;
				GCC_WARN_UNUSED_FUNCTION = YES;
				GCC_WARN_UNUSED_VARIABLE = YES;
				IPHONEOS_DEPLOYMENT_TARGET = 10.2;
				MTL_ENABLE_DEBUG_INFO = NO;
				SDKROOT = iphoneos;
				SWIFT_OPTIMIZATION_LEVEL = "-Owholemodule";
				VALIDATE_PRODUCT = YES;
			};
			name = Release;
		};
		07B0714D1E8025400062051C /* Debug */ = {
			isa = XCBuildConfiguration;
			buildSettings = {
				ASSETCATALOG_COMPILER_APPICON_NAME = AppIcon;
				DEVELOPMENT_TEAM = VC25N3Q998;
				INFOPLIST_FILE = Smashtag/Info.plist;
				LD_RUNPATH_SEARCH_PATHS = "$(inherited) @executable_path/Frameworks";
				PRODUCT_BUNDLE_IDENTIFIER = "milos.menicanin.2119-metropolitan.ac.rs.com.Smashtag";
				PRODUCT_NAME = "$(TARGET_NAME)";
				SWIFT_VERSION = 3.0;
			};
			name = Debug;
		};
		07B0714E1E8025400062051C /* Release */ = {
			isa = XCBuildConfiguration;
			buildSettings = {
				ASSETCATALOG_COMPILER_APPICON_NAME = AppIcon;
				DEVELOPMENT_TEAM = VC25N3Q998;
				INFOPLIST_FILE = Smashtag/Info.plist;
				LD_RUNPATH_SEARCH_PATHS = "$(inherited) @executable_path/Frameworks";
				PRODUCT_BUNDLE_IDENTIFIER = "milos.menicanin.2119-metropolitan.ac.rs.com.Smashtag";
				PRODUCT_NAME = "$(TARGET_NAME)";
				SWIFT_VERSION = 3.0;
			};
			name = Release;
		};
/* End XCBuildConfiguration section */

/* Begin XCConfigurationList section */
		07B071351E8025400062051C /* Build configuration list for PBXProject "Smashtag" */ = {
			isa = XCConfigurationList;
			buildConfigurations = (
				07B0714A1E8025400062051C /* Debug */,
				07B0714B1E8025400062051C /* Release */,
			);
			defaultConfigurationIsVisible = 0;
			defaultConfigurationName = Release;
		};
		07B0714C1E8025400062051C /* Build configuration list for PBXNativeTarget "Smashtag" */ = {
			isa = XCConfigurationList;
			buildConfigurations = (
				07B0714D1E8025400062051C /* Debug */,
				07B0714E1E8025400062051C /* Release */,
			);
			defaultConfigurationIsVisible = 0;
			defaultConfigurationName = Release;
		};
/* End XCConfigurationList section */
	};
	rootObject = 07B071321E8025400062051C /* Project object */;
}
